
Microsoft Visual Studio Solution File, Format Version 12.00
Project("{FAE04EC0-301F-11D3-BF4B-00C04F79EFBC}") = "SigmaWarhead", "SigmaWarhead\SigmaWarhead.csproj", "{EC5EB752-ED14-4C9F-95EB-87ED4AF70884}"
EndProject
Global
	GlobalSection(SolutionConfigurationPlatforms) = preSolution
		Debug|Any CPU = Debug|Any CPU
		Release|Any CPU = Release|Any CPU
	EndGlobalSection
	GlobalSection(ProjectConfigurationPlatforms) = postSolution
		{EC5EB752-ED14-4C9F-95EB-87ED4AF70884}.Debug|Any CPU.ActiveCfg = Debug|Any CPU
		{EC5EB752-ED14-4C9F-95EB-87ED4AF70884}.Debug|Any CPU.Build.0 = Debug|Any CPU
		{EC5EB752-ED14-4C9F-95EB-87ED4AF70884}.Release|Any CPU.ActiveCfg = Release|Any CPU
		{EC5EB752-ED14-4C9F-95EB-87ED4AF70884}.Release|Any CPU.Build.0 = Release|Any CPU
	EndGlobalSection
EndGlobal
