Microsoft Visual Studio Solution File, Format Version 12.00
Project("{FAE04EC0-301F-11D3-BF4B-00C04F79EFBC}") = "SigmaWarhead", "SigmaWarhead\SigmaWarhead.csproj", "{200E4A7D-0A94-4C5B-9954-91C5E317C652}"
EndProject
Global
	GlobalSection(SolutionConfigurationPlatforms) = preSolution
		Debug|Any CPU = Debug|Any CPU
		Release|Any CPU = Release|Any CPU
	EndGlobalSection
	GlobalSection(ProjectConfigurationPlatforms) = postSolution
		{200E4A7D-0A94-4C5B-9954-91C5E317C652}.Debug|Any CPU.ActiveCfg = Debug|Any CPU
		{200E4A7D-0A94-4C5B-9954-91C5E317C652}.Debug|Any CPU.Build.0 = Debug|Any CPU
		{200E4A7D-0A94-4C5B-9954-91C5E317C652}.Release|Any CPU.ActiveCfg = Release|Any CPU
		{200E4A7D-0A94-4C5B-9954-91C5E317C652}.Release|Any CPU.Build.0 = Release|Any CPU
	EndGlobalSection
EndGlobal